
Microsoft Visual Studio Solution File, Format Version 12.00
# Visual Studio Version 17
VisualStudioVersion = 17.0.32112.339
MinimumVisualStudioVersion = 10.0.40219.1
Project("{FAE04EC0-301F-11D3-BF4B-00C04F79EFBC}") = "Calculations", "Calculations\Calculations.csproj", "{9CB8122C-8CAB-4273-AD8F-A7EFC49B9FF2}"
EndProject
Project("{FAE04EC0-301F-11D3-BF4B-00C04F79EFBC}") = "Calculations.Test", "Calculations.Test\Calculations.Test.csproj", "{69AFD680-CC53-4A2B-A931-DDEE899676C9}"
EndProject
Global
	GlobalSection(SolutionConfigurationPlatforms) = preSolution
		Debug|Any CPU = Debug|Any CPU
		Release|Any CPU = Release|Any CPU
	EndGlobalSection
	GlobalSection(ProjectConfigurationPlatforms) = postSolution
		{9CB8122C-8CAB-4273-AD8F-A7EFC49B9FF2}.Debug|Any CPU.ActiveCfg = Debug|Any CPU
		{9CB8122C-8CAB-4273-AD8F-A7EFC49B9FF2}.Debug|Any CPU.Build.0 = Debug|Any CPU
		{9CB8122C-8CAB-4273-AD8F-A7EFC49B9FF2}.Release|Any CPU.ActiveCfg = Release|Any CPU
		{9CB8122C-8CAB-4273-AD8F-A7EFC49B9FF2}.Release|Any CPU.Build.0 = Release|Any CPU
		{69AFD680-CC53-4A2B-A931-DDEE899676C9}.Debug|Any CPU.ActiveCfg = Debug|Any CPU
		{69AFD680-CC53-4A2B-A931-DDEE899676C9}.Debug|Any CPU.Build.0 = Debug|Any CPU
		{69AFD680-CC53-4A2B-A931-DDEE899676C9}.Release|Any CPU.ActiveCfg = Release|Any CPU
		{69AFD680-CC53-4A2B-A931-DDEE899676C9}.Release|Any CPU.Build.0 = Release|Any CPU
	EndGlobalSection
	GlobalSection(SolutionProperties) = preSolution
		HideSolutionNode = FALSE
	EndGlobalSection
	GlobalSection(ExtensibilityGlobals) = postSolution
		SolutionGuid = {E6F3E436-50FF-4676-9E61-5C657DD6E21B}
	EndGlobalSection
EndGlobal
